
Microsoft Visual Studio Solution File, Format Version 12.00
# Visual Studio Version 17
VisualStudioVersion = 17.13.35825.156 d17.13
MinimumVisualStudioVersion = 10.0.40219.1
Project("{FAE04EC0-301F-11D3-BF4B-00C04F79EFBC}") = "MauiAppMinhasCompras", "MauiAppMinhasCompras\MauiAppMinhasCompras.csproj", "{F56B8054-AC46-475F-ABD2-3596EF3742B2}"
EndProject
Global
	GlobalSection(SolutionConfigurationPlatforms) = preSolution
		Debug|Any CPU = Debug|Any CPU
		Release|Any CPU = Release|Any CPU
	EndGlobalSection
	GlobalSection(ProjectConfigurationPlatforms) = postSolution
		{F56B8054-AC46-475F-ABD2-3596EF3742B2}.Debug|Any CPU.ActiveCfg = Debug|Any CPU
		{F56B8054-AC46-475F-ABD2-3596EF3742B2}.Debug|Any CPU.Build.0 = Debug|Any CPU
		{F56B8054-AC46-475F-ABD2-3596EF3742B2}.Release|Any CPU.ActiveCfg = Release|Any CPU
		{F56B8054-AC46-475F-ABD2-3596EF3742B2}.Release|Any CPU.Build.0 = Release|Any CPU
	EndGlobalSection
	GlobalSection(SolutionProperties) = preSolution
		HideSolutionNode = FALSE
	EndGlobalSection
	GlobalSection(ExtensibilityGlobals) = postSolution
		SolutionGuid = {C7D97DE3-56D7-4284-940B-0031066B20E3}
	EndGlobalSection
EndGlobal
